
Microsoft Visual Studio Solution File, Format Version 12.00
# Visual Studio 15
VisualStudioVersion = 15.0.28307.1259
MinimumVisualStudioVersion = 10.0.40219.1
Project("{FAE04EC0-301F-11D3-BF4B-00C04F79EFBC}") = "ClientProject", "MB project\ClientProject.csproj", "{87C754B1-A987-4A99-B303-4916CCDE2034}"
EndProject
Global
	GlobalSection(SolutionConfigurationPlatforms) = preSolution
		Debug|Any CPU = Debug|Any CPU
		Release|Any CPU = Release|Any CPU
	EndGlobalSection
	GlobalSection(ProjectConfigurationPlatforms) = postSolution
		{87C754B1-A987-4A99-B303-4916CCDE2034}.Debug|Any CPU.ActiveCfg = Debug|Any CPU
		{87C754B1-A987-4A99-B303-4916CCDE2034}.Debug|Any CPU.Build.0 = Debug|Any CPU
		{87C754B1-A987-4A99-B303-4916CCDE2034}.Release|Any CPU.ActiveCfg = Release|Any CPU
		{87C754B1-A987-4A99-B303-4916CCDE2034}.Release|Any CPU.Build.0 = Release|Any CPU
	EndGlobalSection
	GlobalSection(SolutionProperties) = preSolution
		HideSolutionNode = FALSE
	EndGlobalSection
	GlobalSection(ExtensibilityGlobals) = postSolution
		SolutionGuid = {9AA8F207-8864-4711-965D-29660568A8BA}
	EndGlobalSection
EndGlobal
